
Microsoft Visual Studio Solution File, Format Version 12.00
# Visual Studio Version 17
VisualStudioVersion = 17.7.34031.279
MinimumVisualStudioVersion = 10.0.40219.1
Project("{FAE04EC0-301F-11D3-BF4B-00C04F79EFBC}") = "primeiroAPP", "primeiroAPP\primeiroAPP.csproj", "{7CABEFB9-6D28-44D1-9055-60E5DCD65092}"
EndProject
Global
	GlobalSection(SolutionConfigurationPlatforms) = preSolution
		Debug|Any CPU = Debug|Any CPU
		Release|Any CPU = Release|Any CPU
	EndGlobalSection
	GlobalSection(ProjectConfigurationPlatforms) = postSolution
		{7CABEFB9-6D28-44D1-9055-60E5DCD65092}.Debug|Any CPU.ActiveCfg = Debug|Any CPU
		{7CABEFB9-6D28-44D1-9055-60E5DCD65092}.Debug|Any CPU.Build.0 = Debug|Any CPU
		{7CABEFB9-6D28-44D1-9055-60E5DCD65092}.Release|Any CPU.ActiveCfg = Release|Any CPU
		{7CABEFB9-6D28-44D1-9055-60E5DCD65092}.Release|Any CPU.Build.0 = Release|Any CPU
	EndGlobalSection
	GlobalSection(SolutionProperties) = preSolution
		HideSolutionNode = FALSE
	EndGlobalSection
	GlobalSection(ExtensibilityGlobals) = postSolution
		SolutionGuid = {AB6CCB79-7E43-400E-AB86-E7FE0977216A}
	EndGlobalSection
EndGlobal
